
Microsoft Visual Studio Solution File, Format Version 12.00
# Visual Studio Version 16
VisualStudioVersion = 16.0.29411.138
MinimumVisualStudioVersion = 10.0.40219.1
Project("{FAE04EC0-301F-11D3-BF4B-00C04F79EFBC}") = "CarShopSql", "CarShopSql\CarShopSql.csproj", "{45B917FB-F8E4-4C02-A544-3E69A9C199F9}"
EndProject
Global
	GlobalSection(SolutionConfigurationPlatforms) = preSolution
		Debug|Any CPU = Debug|Any CPU
		Release|Any CPU = Release|Any CPU
	EndGlobalSection
	GlobalSection(ProjectConfigurationPlatforms) = postSolution
		{45B917FB-F8E4-4C02-A544-3E69A9C199F9}.Debug|Any CPU.ActiveCfg = Debug|Any CPU
		{45B917FB-F8E4-4C02-A544-3E69A9C199F9}.Debug|Any CPU.Build.0 = Debug|Any CPU
		{45B917FB-F8E4-4C02-A544-3E69A9C199F9}.Release|Any CPU.ActiveCfg = Release|Any CPU
		{45B917FB-F8E4-4C02-A544-3E69A9C199F9}.Release|Any CPU.Build.0 = Release|Any CPU
	EndGlobalSection
	GlobalSection(SolutionProperties) = preSolution
		HideSolutionNode = FALSE
	EndGlobalSection
	GlobalSection(ExtensibilityGlobals) = postSolution
		SolutionGuid = {EBC7D0F1-953D-4587-AFE3-8070BBA76C9C}
	EndGlobalSection
EndGlobal
